
Microsoft Visual Studio Solution File, Format Version 12.00
# Visual Studio Version 16
VisualStudioVersion = 16.0.31911.196
MinimumVisualStudioVersion = 10.0.40219.1
Project("{FAE04EC0-301F-11D3-BF4B-00C04F79EFBC}") = "Fun Park", "Fun Park.csproj", "{0C7A2F2A-D27F-488F-9B6B-0AB2E0292B0B}"
EndProject
Global
	GlobalSection(SolutionConfigurationPlatforms) = preSolution
		Debug|Any CPU = Debug|Any CPU
		Release|Any CPU = Release|Any CPU
	EndGlobalSection
	GlobalSection(ProjectConfigurationPlatforms) = postSolution
		{0C7A2F2A-D27F-488F-9B6B-0AB2E0292B0B}.Debug|Any CPU.ActiveCfg = Debug|Any CPU
		{0C7A2F2A-D27F-488F-9B6B-0AB2E0292B0B}.Debug|Any CPU.Build.0 = Debug|Any CPU
		{0C7A2F2A-D27F-488F-9B6B-0AB2E0292B0B}.Release|Any CPU.ActiveCfg = Release|Any CPU
		{0C7A2F2A-D27F-488F-9B6B-0AB2E0292B0B}.Release|Any CPU.Build.0 = Release|Any CPU
	EndGlobalSection
	GlobalSection(SolutionProperties) = preSolution
		HideSolutionNode = FALSE
	EndGlobalSection
	GlobalSection(ExtensibilityGlobals) = postSolution
		SolutionGuid = {7EA00B4E-FC54-4ECC-9279-C0B1475548DB}
	EndGlobalSection
EndGlobal
